
Microsoft Visual Studio Solution File, Format Version 12.00
# Visual Studio Version 16
VisualStudioVersion = 16.0.31702.278
MinimumVisualStudioVersion = 10.0.40219.1
Project("{9A19103F-16F7-4668-BE54-9A1E7A4F7556}") = "WebApi", "src\WebApi\WebApi.csproj", "{6B372E94-72A2-487F-86B3-5010463BF6E4}"
EndProject
Project("{2150E333-8FDC-42A3-9474-1A3956D46DE8}") = "1 - Presentation", "1 - Presentation", "{950579DA-1CDE-40BA-A0BE-38CBAF1AD9F5}"
EndProject
Project("{2150E333-8FDC-42A3-9474-1A3956D46DE8}") = "2 - Services", "2 - Services", "{3EDA5EDF-2DD7-4856-BC68-8DA6052C8758}"
EndProject
Project("{2150E333-8FDC-42A3-9474-1A3956D46DE8}") = "3 - Application", "3 - Application", "{8E07DB5C-8B39-4505-8251-087E9CA8BF3B}"
EndProject
Project("{2150E333-8FDC-42A3-9474-1A3956D46DE8}") = "4 - Domain", "4 - Domain", "{A6EB8991-7851-4D83-813F-19AEEAADC193}"
EndProject
Project("{2150E333-8FDC-42A3-9474-1A3956D46DE8}") = "5 - Infra", "5 - Infra", "{2FC3C6FB-4880-402B-BB0F-4EDC1679FA0E}"
EndProject
Project("{9A19103F-16F7-4668-BE54-9A1E7A4F7556}") = "CrossCutting", "src\CrossCutting\CrossCutting.csproj", "{EC8894F6-10D2-41B3-B650-AC9BBF348559}"
EndProject
Project("{9A19103F-16F7-4668-BE54-9A1E7A4F7556}") = "App", "src\App\App.csproj", "{3BD1E0EE-7576-4A6A-80B8-D9A5CA09759F}"
EndProject
Project("{2150E333-8FDC-42A3-9474-1A3956D46DE8}") = "5.1 - Data", "5.1 - Data", "{CFEE5D04-5935-49A6-9A11-4672A14305E9}"
EndProject
Project("{2150E333-8FDC-42A3-9474-1A3956D46DE8}") = "5.2 - CrossCutting", "5.2 - CrossCutting", "{BC2D7C42-5001-4561-932D-B35B150A846A}"
EndProject
Project("{9A19103F-16F7-4668-BE54-9A1E7A4F7556}") = "Data", "src\Data\Data.csproj", "{39EEF824-160A-4CC5-B0EB-4F226290F556}"
EndProject
Project("{9A19103F-16F7-4668-BE54-9A1E7A4F7556}") = "WebApiHub", "src\WebApiHub\WebApiHub.csproj", "{985D6DB6-EE43-4A52-95EC-E28B374BB265}"
EndProject
Project("{9A19103F-16F7-4668-BE54-9A1E7A4F7556}") = "SlnDom.Domain", "src\SlnDom.Domain\SlnDom.Domain.csproj", "{C4D58B27-196A-497A-B71F-12AE82BA8F9B}"
EndProject
Project("{FAE04EC0-301F-11D3-BF4B-00C04F79EFBC}") = "PageWeb", "src\PageWeb\PageWeb.csproj", "{92149F20-D73B-4E83-BDA6-1CD7595C2AC3}"
EndProject
Global
	GlobalSection(SolutionConfigurationPlatforms) = preSolution
		Debug|Any CPU = Debug|Any CPU
		Release|Any CPU = Release|Any CPU
	EndGlobalSection
	GlobalSection(ProjectConfigurationPlatforms) = postSolution
		{6B372E94-72A2-487F-86B3-5010463BF6E4}.Debug|Any CPU.ActiveCfg = Debug|Any CPU
		{6B372E94-72A2-487F-86B3-5010463BF6E4}.Debug|Any CPU.Build.0 = Debug|Any CPU
		{6B372E94-72A2-487F-86B3-5010463BF6E4}.Release|Any CPU.ActiveCfg = Release|Any CPU
		{6B372E94-72A2-487F-86B3-5010463BF6E4}.Release|Any CPU.Build.0 = Release|Any CPU
		{EC8894F6-10D2-41B3-B650-AC9BBF348559}.Debug|Any CPU.ActiveCfg = Debug|Any CPU
		{EC8894F6-10D2-41B3-B650-AC9BBF348559}.Debug|Any CPU.Build.0 = Debug|Any CPU
		{EC8894F6-10D2-41B3-B650-AC9BBF348559}.Release|Any CPU.ActiveCfg = Release|Any CPU
		{EC8894F6-10D2-41B3-B650-AC9BBF348559}.Release|Any CPU.Build.0 = Release|Any CPU
		{3BD1E0EE-7576-4A6A-80B8-D9A5CA09759F}.Debug|Any CPU.ActiveCfg = Debug|Any CPU
		{3BD1E0EE-7576-4A6A-80B8-D9A5CA09759F}.Debug|Any CPU.Build.0 = Debug|Any CPU
		{3BD1E0EE-7576-4A6A-80B8-D9A5CA09759F}.Release|Any CPU.ActiveCfg = Release|Any CPU
		{3BD1E0EE-7576-4A6A-80B8-D9A5CA09759F}.Release|Any CPU.Build.0 = Release|Any CPU
		{39EEF824-160A-4CC5-B0EB-4F226290F556}.Debug|Any CPU.ActiveCfg = Debug|Any CPU
		{39EEF824-160A-4CC5-B0EB-4F226290F556}.Debug|Any CPU.Build.0 = Debug|Any CPU
		{39EEF824-160A-4CC5-B0EB-4F226290F556}.Release|Any CPU.ActiveCfg = Release|Any CPU
		{39EEF824-160A-4CC5-B0EB-4F226290F556}.Release|Any CPU.Build.0 = Release|Any CPU
		{985D6DB6-EE43-4A52-95EC-E28B374BB265}.Debug|Any CPU.ActiveCfg = Debug|Any CPU
		{985D6DB6-EE43-4A52-95EC-E28B374BB265}.Debug|Any CPU.Build.0 = Debug|Any CPU
		{985D6DB6-EE43-4A52-95EC-E28B374BB265}.Release|Any CPU.ActiveCfg = Release|Any CPU
		{985D6DB6-EE43-4A52-95EC-E28B374BB265}.Release|Any CPU.Build.0 = Release|Any CPU
		{C4D58B27-196A-497A-B71F-12AE82BA8F9B}.Debug|Any CPU.ActiveCfg = Debug|Any CPU
		{C4D58B27-196A-497A-B71F-12AE82BA8F9B}.Debug|Any CPU.Build.0 = Debug|Any CPU
		{C4D58B27-196A-497A-B71F-12AE82BA8F9B}.Release|Any CPU.ActiveCfg = Release|Any CPU
		{C4D58B27-196A-497A-B71F-12AE82BA8F9B}.Release|Any CPU.Build.0 = Release|Any CPU
		{92149F20-D73B-4E83-BDA6-1CD7595C2AC3}.Debug|Any CPU.ActiveCfg = Debug|Any CPU
		{92149F20-D73B-4E83-BDA6-1CD7595C2AC3}.Debug|Any CPU.Build.0 = Debug|Any CPU
		{92149F20-D73B-4E83-BDA6-1CD7595C2AC3}.Release|Any CPU.ActiveCfg = Release|Any CPU
		{92149F20-D73B-4E83-BDA6-1CD7595C2AC3}.Release|Any CPU.Build.0 = Release|Any CPU
	EndGlobalSection
	GlobalSection(SolutionProperties) = preSolution
		HideSolutionNode = FALSE
	EndGlobalSection
	GlobalSection(NestedProjects) = preSolution
		{6B372E94-72A2-487F-86B3-5010463BF6E4} = {3EDA5EDF-2DD7-4856-BC68-8DA6052C8758}
		{EC8894F6-10D2-41B3-B650-AC9BBF348559} = {BC2D7C42-5001-4561-932D-B35B150A846A}
		{3BD1E0EE-7576-4A6A-80B8-D9A5CA09759F} = {8E07DB5C-8B39-4505-8251-087E9CA8BF3B}
		{CFEE5D04-5935-49A6-9A11-4672A14305E9} = {2FC3C6FB-4880-402B-BB0F-4EDC1679FA0E}
		{BC2D7C42-5001-4561-932D-B35B150A846A} = {2FC3C6FB-4880-402B-BB0F-4EDC1679FA0E}
		{39EEF824-160A-4CC5-B0EB-4F226290F556} = {CFEE5D04-5935-49A6-9A11-4672A14305E9}
		{985D6DB6-EE43-4A52-95EC-E28B374BB265} = {3EDA5EDF-2DD7-4856-BC68-8DA6052C8758}
		{C4D58B27-196A-497A-B71F-12AE82BA8F9B} = {A6EB8991-7851-4D83-813F-19AEEAADC193}
		{92149F20-D73B-4E83-BDA6-1CD7595C2AC3} = {950579DA-1CDE-40BA-A0BE-38CBAF1AD9F5}
	EndGlobalSection
	GlobalSection(ExtensibilityGlobals) = postSolution
		SolutionGuid = {6349AA28-DBB9-4399-9657-90AC55D6E6E8}
	EndGlobalSection
EndGlobal
